{
  "lockfileVersion": 3,
  "name": "decision-tree-state-transfer",
  "packages": {
    "": {
      "engines": {
        "node": "22.16.0"
      },
      "license": "SEE LICENSE-POLICY.md",
      "name": "decision-tree-state-transfer",
      "version": "1.0.0"
    }
  },
  "requires": true,
  "version": "1.0.0"
}
